# This file is automatically @generated by Cargo.
# It is not intended for manual editing.
version = 4

[[package]]
name = "helix-audit"
version = "0.1.0"

[[package]]
name = "helix-caps"
version = "0.1.0"

[[package]]
name = "helix-ctl"
version = "0.1.0"

[[package]]
name = "helix-gateway"
version = "0.1.0"

[[package]]
name = "helix-policy"
version = "0.1.0"

[[package]]
name = "helix-runtime"
version = "0.1.0"

[[package]]
name = "helix-sdk"
version = "0.1.0"
